
Microsoft Visual Studio Solution File, Format Version 12.00
# Visual Studio Version 16
VisualStudioVersion = 16.0.29209.152
MinimumVisualStudioVersion = 10.0.40219.1
Project("{2150E333-8FDC-42A3-9474-1A3956D46DE8}") = "src", "src", "{106AE906-5075-410A-B941-912F811848EE}"
EndProject
Project("{2150E333-8FDC-42A3-9474-1A3956D46DE8}") = "tests", "tests", "{B31B4797-1D9F-4288-808C-BE9A31A98C7D}"
EndProject
Project("{9A19103F-16F7-4668-BE54-9A1E7A4F7556}") = "Clean.Architecture.Web", "src\Clean.Architecture.Web\Clean.Architecture.Web.csproj", "{C9751CB7-4CD6-4633-A99A-4F6ADD525437}"
EndProject
Project("{9A19103F-16F7-4668-BE54-9A1E7A4F7556}") = "CleanArchitecture.ApplicationServices.Implementation", "src\Clean.Architecture.Core\CleanArchitecture.ApplicationServices.Implementation.csproj", "{4548EB20-1D1B-477B-AF6E-DD55653A6583}"
EndProject
Project("{9A19103F-16F7-4668-BE54-9A1E7A4F7556}") = "Clean.Architecture.DataAccess", "src\Clean.Architecture.Infrastructure\Clean.Architecture.DataAccess.csproj", "{220361D6-9C76-4E3F-BD34-3C7B50E2CA4D}"
EndProject
Project("{2150E333-8FDC-42A3-9474-1A3956D46DE8}") = "Solution Items", "Solution Items", "{250F283E-FE2F-4BBD-9E63-A2265B84E23F}"
	ProjectSection(SolutionItems) = preProject
		azure-pipelines.yml = azure-pipelines.yml
		DeploymentSettings.props = DeploymentSettings.props
		Directory.Build.props = Directory.Build.props
		Directory.Build.targets = Directory.Build.targets
		nuget.config = nuget.config
		Packages.props = Packages.props
	EndProjectSection
EndProject
Project("{9A19103F-16F7-4668-BE54-9A1E7A4F7556}") = "Clean.Architecture.FunctionalTests", "tests\Clean.Architecture.FunctionalTests\Clean.Architecture.FunctionalTests.csproj", "{7D84EFEE-A7D9-44AD-A0A3-38EC7882D94C}"
	ProjectSection(ProjectDependencies) = postProject
		{C9751CB7-4CD6-4633-A99A-4F6ADD525437} = {C9751CB7-4CD6-4633-A99A-4F6ADD525437}
	EndProjectSection
EndProject
Project("{9A19103F-16F7-4668-BE54-9A1E7A4F7556}") = "Clean.Architecture.IntegrationTests", "tests\Clean.Architecture.IntegrationTests\Clean.Architecture.IntegrationTests.csproj", "{0776DC14-9000-47A4-A3F4-ECBCF8CEBC17}"
	ProjectSection(ProjectDependencies) = postProject
		{220361D6-9C76-4E3F-BD34-3C7B50E2CA4D} = {220361D6-9C76-4E3F-BD34-3C7B50E2CA4D}
	EndProjectSection
EndProject
Project("{9A19103F-16F7-4668-BE54-9A1E7A4F7556}") = "Clean.Architecture.Entities.Abstractions", "src\Clean.Architecture.SharedKernel\Clean.Architecture.Entities.Abstractions.csproj", "{744AD1DC-E83E-4ACE-BE57-395395D6E357}"
EndProject
Project("{9A19103F-16F7-4668-BE54-9A1E7A4F7556}") = "Clean.Architecture.UnitTests", "tests\Clean.Architecture.UnitTests\Clean.Architecture.UnitTests.csproj", "{1DC7F5A0-DDF7-4975-84EB-05F4FC1B6AB5}"
EndProject
Project("{9A19103F-16F7-4668-BE54-9A1E7A4F7556}") = "CleanArchitecture.Infrastructure.Interfaces", "CleanArchitecture.Interfaces\CleanArchitecture.Infrastructure.Interfaces.csproj", "{362C421B-CCDF-42E8-9226-BA4A19C0F6E0}"
EndProject
Project("{9A19103F-16F7-4668-BE54-9A1E7A4F7556}") = "CleanArchitecture.Entities", "CleanArchitecture.Entities\CleanArchitecture.Entities.csproj", "{07104193-F540-4DBB-BE48-85E39FA66DA8}"
EndProject
Project("{9A19103F-16F7-4668-BE54-9A1E7A4F7556}") = "CleanArchitecture.ApplicationServices.Interfaces", "CleanArchitecture.ApplicationServices.Interfaces\CleanArchitecture.ApplicationServices.Interfaces.csproj", "{9F596CD2-39CF-402E-BB48-A96295639258}"
EndProject
Project("{FAE04EC0-301F-11D3-BF4B-00C04F79EFBC}") = "CleanArchitecture.Infrastructure.Implementation", "CleanArchitecture.Infrastructure.Implementation\CleanArchitecture.Infrastructure.Implementation.csproj", "{F6BBB743-3BCD-4DEF-95CD-85FEB1894BFA}"
EndProject
Project("{FAE04EC0-301F-11D3-BF4B-00C04F79EFBC}") = "CleanArchitecture.UseCases", "CleanArchitecture.UseCases\CleanArchitecture.UseCases.csproj", "{29CBD604-D759-4B1B-A468-ADE3D537D7FE}"
EndProject
Project("{FAE04EC0-301F-11D3-BF4B-00C04F79EFBC}") = "CleanArchitecture.Controllers", "CleanArchitecture.Controllers\CleanArchitecture.Controllers.csproj", "{E285B5CA-1A19-4B9E-B9F9-58704DE44DE0}"
EndProject
Project("{2150E333-8FDC-42A3-9474-1A3956D46DE8}") = "1. Entities", "1. Entities", "{3972C5F7-4993-4EA8-8F4D-A704ACC6384A}"
EndProject
Project("{2150E333-8FDC-42A3-9474-1A3956D46DE8}") = "2. Infrastructure.Interfaces", "2. Infrastructure.Interfaces", "{D38ED5B5-96CA-4B86-BBFD-EACCE89F0A28}"
EndProject
Project("{2150E333-8FDC-42A3-9474-1A3956D46DE8}") = "3. ApplicationServices", "3. ApplicationServices", "{5C03BE50-1424-413A-B542-8A94C7D808E4}"
EndProject
Project("{2150E333-8FDC-42A3-9474-1A3956D46DE8}") = "4. UseCases", "4. UseCases", "{00179D25-A208-41A9-ACC8-D3564EC88148}"
EndProject
Project("{2150E333-8FDC-42A3-9474-1A3956D46DE8}") = "5. Controllers", "5. Controllers", "{C60997F4-BDCB-48B2-B2DF-AE7C819A2EC4}"
EndProject
Project("{2150E333-8FDC-42A3-9474-1A3956D46DE8}") = "6. Infrastructure.Implementation", "6. Infrastructure.Implementation", "{3EF66F92-B2F9-4129-A387-3BF5E34BDFCF}"
EndProject
Global
	GlobalSection(SolutionConfigurationPlatforms) = preSolution
		Debug|Any CPU = Debug|Any CPU
		Debug|x64 = Debug|x64
		Debug|x86 = Debug|x86
		Release|Any CPU = Release|Any CPU
		Release|x64 = Release|x64
		Release|x86 = Release|x86
	EndGlobalSection
	GlobalSection(ProjectConfigurationPlatforms) = postSolution
		{C9751CB7-4CD6-4633-A99A-4F6ADD525437}.Debug|Any CPU.ActiveCfg = Debug|Any CPU
		{C9751CB7-4CD6-4633-A99A-4F6ADD525437}.Debug|Any CPU.Build.0 = Debug|Any CPU
		{C9751CB7-4CD6-4633-A99A-4F6ADD525437}.Debug|x64.ActiveCfg = Debug|Any CPU
		{C9751CB7-4CD6-4633-A99A-4F6ADD525437}.Debug|x64.Build.0 = Debug|Any CPU
		{C9751CB7-4CD6-4633-A99A-4F6ADD525437}.Debug|x86.ActiveCfg = Debug|Any CPU
		{C9751CB7-4CD6-4633-A99A-4F6ADD525437}.Debug|x86.Build.0 = Debug|Any CPU
		{C9751CB7-4CD6-4633-A99A-4F6ADD525437}.Release|Any CPU.ActiveCfg = Release|Any CPU
		{C9751CB7-4CD6-4633-A99A-4F6ADD525437}.Release|Any CPU.Build.0 = Release|Any CPU
		{C9751CB7-4CD6-4633-A99A-4F6ADD525437}.Release|x64.ActiveCfg = Release|Any CPU
		{C9751CB7-4CD6-4633-A99A-4F6ADD525437}.Release|x64.Build.0 = Release|Any CPU
		{C9751CB7-4CD6-4633-A99A-4F6ADD525437}.Release|x86.ActiveCfg = Release|Any CPU
		{C9751CB7-4CD6-4633-A99A-4F6ADD525437}.Release|x86.Build.0 = Release|Any CPU
		{4548EB20-1D1B-477B-AF6E-DD55653A6583}.Debug|Any CPU.ActiveCfg = Debug|Any CPU
		{4548EB20-1D1B-477B-AF6E-DD55653A6583}.Debug|Any CPU.Build.0 = Debug|Any CPU
		{4548EB20-1D1B-477B-AF6E-DD55653A6583}.Debug|x64.ActiveCfg = Debug|Any CPU
		{4548EB20-1D1B-477B-AF6E-DD55653A6583}.Debug|x64.Build.0 = Debug|Any CPU
		{4548EB20-1D1B-477B-AF6E-DD55653A6583}.Debug|x86.ActiveCfg = Debug|Any CPU
		{4548EB20-1D1B-477B-AF6E-DD55653A6583}.Debug|x86.Build.0 = Debug|Any CPU
		{4548EB20-1D1B-477B-AF6E-DD55653A6583}.Release|Any CPU.ActiveCfg = Release|Any CPU
		{4548EB20-1D1B-477B-AF6E-DD55653A6583}.Release|Any CPU.Build.0 = Release|Any CPU
		{4548EB20-1D1B-477B-AF6E-DD55653A6583}.Release|x64.ActiveCfg = Release|Any CPU
		{4548EB20-1D1B-477B-AF6E-DD55653A6583}.Release|x64.Build.0 = Release|Any CPU
		{4548EB20-1D1B-477B-AF6E-DD55653A6583}.Release|x86.ActiveCfg = Release|Any CPU
		{4548EB20-1D1B-477B-AF6E-DD55653A6583}.Release|x86.Build.0 = Release|Any CPU
		{220361D6-9C76-4E3F-BD34-3C7B50E2CA4D}.Debug|Any CPU.ActiveCfg = Debug|Any CPU
		{220361D6-9C76-4E3F-BD34-3C7B50E2CA4D}.Debug|Any CPU.Build.0 = Debug|Any CPU
		{220361D6-9C76-4E3F-BD34-3C7B50E2CA4D}.Debug|x64.ActiveCfg = Debug|Any CPU
		{220361D6-9C76-4E3F-BD34-3C7B50E2CA4D}.Debug|x64.Build.0 = Debug|Any CPU
		{220361D6-9C76-4E3F-BD34-3C7B50E2CA4D}.Debug|x86.ActiveCfg = Debug|Any CPU
		{220361D6-9C76-4E3F-BD34-3C7B50E2CA4D}.Debug|x86.Build.0 = Debug|Any CPU
		{220361D6-9C76-4E3F-BD34-3C7B50E2CA4D}.Release|Any CPU.ActiveCfg = Release|Any CPU
		{220361D6-9C76-4E3F-BD34-3C7B50E2CA4D}.Release|Any CPU.Build.0 = Release|Any CPU
		{220361D6-9C76-4E3F-BD34-3C7B50E2CA4D}.Release|x64.ActiveCfg = Release|Any CPU
		{220361D6-9C76-4E3F-BD34-3C7B50E2CA4D}.Release|x64.Build.0 = Release|Any CPU
		{220361D6-9C76-4E3F-BD34-3C7B50E2CA4D}.Release|x86.ActiveCfg = Release|Any CPU
		{220361D6-9C76-4E3F-BD34-3C7B50E2CA4D}.Release|x86.Build.0 = Release|Any CPU
		{7D84EFEE-A7D9-44AD-A0A3-38EC7882D94C}.Debug|Any CPU.ActiveCfg = Debug|Any CPU
		{7D84EFEE-A7D9-44AD-A0A3-38EC7882D94C}.Debug|Any CPU.Build.0 = Debug|Any CPU
		{7D84EFEE-A7D9-44AD-A0A3-38EC7882D94C}.Debug|x64.ActiveCfg = Debug|Any CPU
		{7D84EFEE-A7D9-44AD-A0A3-38EC7882D94C}.Debug|x64.Build.0 = Debug|Any CPU
		{7D84EFEE-A7D9-44AD-A0A3-38EC7882D94C}.Debug|x86.ActiveCfg = Debug|Any CPU
		{7D84EFEE-A7D9-44AD-A0A3-38EC7882D94C}.Debug|x86.Build.0 = Debug|Any CPU
		{7D84EFEE-A7D9-44AD-A0A3-38EC7882D94C}.Release|Any CPU.ActiveCfg = Release|Any CPU
		{7D84EFEE-A7D9-44AD-A0A3-38EC7882D94C}.Release|Any CPU.Build.0 = Release|Any CPU
		{7D84EFEE-A7D9-44AD-A0A3-38EC7882D94C}.Release|x64.ActiveCfg = Release|Any CPU
		{7D84EFEE-A7D9-44AD-A0A3-38EC7882D94C}.Release|x64.Build.0 = Release|Any CPU
		{7D84EFEE-A7D9-44AD-A0A3-38EC7882D94C}.Release|x86.ActiveCfg = Release|Any CPU
		{7D84EFEE-A7D9-44AD-A0A3-38EC7882D94C}.Release|x86.Build.0 = Release|Any CPU
		{0776DC14-9000-47A4-A3F4-ECBCF8CEBC17}.Debug|Any CPU.ActiveCfg = Debug|Any CPU
		{0776DC14-9000-47A4-A3F4-ECBCF8CEBC17}.Debug|Any CPU.Build.0 = Debug|Any CPU
		{0776DC14-9000-47A4-A3F4-ECBCF8CEBC17}.Debug|x64.ActiveCfg = Debug|Any CPU
		{0776DC14-9000-47A4-A3F4-ECBCF8CEBC17}.Debug|x64.Build.0 = Debug|Any CPU
		{0776DC14-9000-47A4-A3F4-ECBCF8CEBC17}.Debug|x86.ActiveCfg = Debug|Any CPU
		{0776DC14-9000-47A4-A3F4-ECBCF8CEBC17}.Debug|x86.Build.0 = Debug|Any CPU
		{0776DC14-9000-47A4-A3F4-ECBCF8CEBC17}.Release|Any CPU.ActiveCfg = Release|Any CPU
		{0776DC14-9000-47A4-A3F4-ECBCF8CEBC17}.Release|Any CPU.Build.0 = Release|Any CPU
		{0776DC14-9000-47A4-A3F4-ECBCF8CEBC17}.Release|x64.ActiveCfg = Release|Any CPU
		{0776DC14-9000-47A4-A3F4-ECBCF8CEBC17}.Release|x64.Build.0 = Release|Any CPU
		{0776DC14-9000-47A4-A3F4-ECBCF8CEBC17}.Release|x86.ActiveCfg = Release|Any CPU
		{0776DC14-9000-47A4-A3F4-ECBCF8CEBC17}.Release|x86.Build.0 = Release|Any CPU
		{744AD1DC-E83E-4ACE-BE57-395395D6E357}.Debug|Any CPU.ActiveCfg = Debug|Any CPU
		{744AD1DC-E83E-4ACE-BE57-395395D6E357}.Debug|Any CPU.Build.0 = Debug|Any CPU
		{744AD1DC-E83E-4ACE-BE57-395395D6E357}.Debug|x64.ActiveCfg = Debug|Any CPU
		{744AD1DC-E83E-4ACE-BE57-395395D6E357}.Debug|x64.Build.0 = Debug|Any CPU
		{744AD1DC-E83E-4ACE-BE57-395395D6E357}.Debug|x86.ActiveCfg = Debug|Any CPU
		{744AD1DC-E83E-4ACE-BE57-395395D6E357}.Debug|x86.Build.0 = Debug|Any CPU
		{744AD1DC-E83E-4ACE-BE57-395395D6E357}.Release|Any CPU.ActiveCfg = Release|Any CPU
		{744AD1DC-E83E-4ACE-BE57-395395D6E357}.Release|Any CPU.Build.0 = Release|Any CPU
		{744AD1DC-E83E-4ACE-BE57-395395D6E357}.Release|x64.ActiveCfg = Release|Any CPU
		{744AD1DC-E83E-4ACE-BE57-395395D6E357}.Release|x64.Build.0 = Release|Any CPU
		{744AD1DC-E83E-4ACE-BE57-395395D6E357}.Release|x86.ActiveCfg = Release|Any CPU
		{744AD1DC-E83E-4ACE-BE57-395395D6E357}.Release|x86.Build.0 = Release|Any CPU
		{1DC7F5A0-DDF7-4975-84EB-05F4FC1B6AB5}.Debug|Any CPU.ActiveCfg = Debug|Any CPU
		{1DC7F5A0-DDF7-4975-84EB-05F4FC1B6AB5}.Debug|Any CPU.Build.0 = Debug|Any CPU
		{1DC7F5A0-DDF7-4975-84EB-05F4FC1B6AB5}.Debug|x64.ActiveCfg = Debug|Any CPU
		{1DC7F5A0-DDF7-4975-84EB-05F4FC1B6AB5}.Debug|x64.Build.0 = Debug|Any CPU
		{1DC7F5A0-DDF7-4975-84EB-05F4FC1B6AB5}.Debug|x86.ActiveCfg = Debug|Any CPU
		{1DC7F5A0-DDF7-4975-84EB-05F4FC1B6AB5}.Debug|x86.Build.0 = Debug|Any CPU
		{1DC7F5A0-DDF7-4975-84EB-05F4FC1B6AB5}.Release|Any CPU.ActiveCfg = Release|Any CPU
		{1DC7F5A0-DDF7-4975-84EB-05F4FC1B6AB5}.Release|Any CPU.Build.0 = Release|Any CPU
		{1DC7F5A0-DDF7-4975-84EB-05F4FC1B6AB5}.Release|x64.ActiveCfg = Release|Any CPU
		{1DC7F5A0-DDF7-4975-84EB-05F4FC1B6AB5}.Release|x64.Build.0 = Release|Any CPU
		{1DC7F5A0-DDF7-4975-84EB-05F4FC1B6AB5}.Release|x86.ActiveCfg = Release|Any CPU
		{1DC7F5A0-DDF7-4975-84EB-05F4FC1B6AB5}.Release|x86.Build.0 = Release|Any CPU
		{362C421B-CCDF-42E8-9226-BA4A19C0F6E0}.Debug|Any CPU.ActiveCfg = Debug|Any CPU
		{362C421B-CCDF-42E8-9226-BA4A19C0F6E0}.Debug|Any CPU.Build.0 = Debug|Any CPU
		{362C421B-CCDF-42E8-9226-BA4A19C0F6E0}.Debug|x64.ActiveCfg = Debug|Any CPU
		{362C421B-CCDF-42E8-9226-BA4A19C0F6E0}.Debug|x64.Build.0 = Debug|Any CPU
		{362C421B-CCDF-42E8-9226-BA4A19C0F6E0}.Debug|x86.ActiveCfg = Debug|Any CPU
		{362C421B-CCDF-42E8-9226-BA4A19C0F6E0}.Debug|x86.Build.0 = Debug|Any CPU
		{362C421B-CCDF-42E8-9226-BA4A19C0F6E0}.Release|Any CPU.ActiveCfg = Release|Any CPU
		{362C421B-CCDF-42E8-9226-BA4A19C0F6E0}.Release|Any CPU.Build.0 = Release|Any CPU
		{362C421B-CCDF-42E8-9226-BA4A19C0F6E0}.Release|x64.ActiveCfg = Release|Any CPU
		{362C421B-CCDF-42E8-9226-BA4A19C0F6E0}.Release|x64.Build.0 = Release|Any CPU
		{362C421B-CCDF-42E8-9226-BA4A19C0F6E0}.Release|x86.ActiveCfg = Release|Any CPU
		{362C421B-CCDF-42E8-9226-BA4A19C0F6E0}.Release|x86.Build.0 = Release|Any CPU
		{07104193-F540-4DBB-BE48-85E39FA66DA8}.Debug|Any CPU.ActiveCfg = Debug|Any CPU
		{07104193-F540-4DBB-BE48-85E39FA66DA8}.Debug|Any CPU.Build.0 = Debug|Any CPU
		{07104193-F540-4DBB-BE48-85E39FA66DA8}.Debug|x64.ActiveCfg = Debug|Any CPU
		{07104193-F540-4DBB-BE48-85E39FA66DA8}.Debug|x64.Build.0 = Debug|Any CPU
		{07104193-F540-4DBB-BE48-85E39FA66DA8}.Debug|x86.ActiveCfg = Debug|Any CPU
		{07104193-F540-4DBB-BE48-85E39FA66DA8}.Debug|x86.Build.0 = Debug|Any CPU
		{07104193-F540-4DBB-BE48-85E39FA66DA8}.Release|Any CPU.ActiveCfg = Release|Any CPU
		{07104193-F540-4DBB-BE48-85E39FA66DA8}.Release|Any CPU.Build.0 = Release|Any CPU
		{07104193-F540-4DBB-BE48-85E39FA66DA8}.Release|x64.ActiveCfg = Release|Any CPU
		{07104193-F540-4DBB-BE48-85E39FA66DA8}.Release|x64.Build.0 = Release|Any CPU
		{07104193-F540-4DBB-BE48-85E39FA66DA8}.Release|x86.ActiveCfg = Release|Any CPU
		{07104193-F540-4DBB-BE48-85E39FA66DA8}.Release|x86.Build.0 = Release|Any CPU
		{9F596CD2-39CF-402E-BB48-A96295639258}.Debug|Any CPU.ActiveCfg = Debug|Any CPU
		{9F596CD2-39CF-402E-BB48-A96295639258}.Debug|Any CPU.Build.0 = Debug|Any CPU
		{9F596CD2-39CF-402E-BB48-A96295639258}.Debug|x64.ActiveCfg = Debug|Any CPU
		{9F596CD2-39CF-402E-BB48-A96295639258}.Debug|x64.Build.0 = Debug|Any CPU
		{9F596CD2-39CF-402E-BB48-A96295639258}.Debug|x86.ActiveCfg = Debug|Any CPU
		{9F596CD2-39CF-402E-BB48-A96295639258}.Debug|x86.Build.0 = Debug|Any CPU
		{9F596CD2-39CF-402E-BB48-A96295639258}.Release|Any CPU.ActiveCfg = Release|Any CPU
		{9F596CD2-39CF-402E-BB48-A96295639258}.Release|Any CPU.Build.0 = Release|Any CPU
		{9F596CD2-39CF-402E-BB48-A96295639258}.Release|x64.ActiveCfg = Release|Any CPU
		{9F596CD2-39CF-402E-BB48-A96295639258}.Release|x64.Build.0 = Release|Any CPU
		{9F596CD2-39CF-402E-BB48-A96295639258}.Release|x86.ActiveCfg = Release|Any CPU
		{9F596CD2-39CF-402E-BB48-A96295639258}.Release|x86.Build.0 = Release|Any CPU
		{F6BBB743-3BCD-4DEF-95CD-85FEB1894BFA}.Debug|Any CPU.ActiveCfg = Debug|Any CPU
		{F6BBB743-3BCD-4DEF-95CD-85FEB1894BFA}.Debug|Any CPU.Build.0 = Debug|Any CPU
		{F6BBB743-3BCD-4DEF-95CD-85FEB1894BFA}.Debug|x64.ActiveCfg = Debug|Any CPU
		{F6BBB743-3BCD-4DEF-95CD-85FEB1894BFA}.Debug|x64.Build.0 = Debug|Any CPU
		{F6BBB743-3BCD-4DEF-95CD-85FEB1894BFA}.Debug|x86.ActiveCfg = Debug|Any CPU
		{F6BBB743-3BCD-4DEF-95CD-85FEB1894BFA}.Debug|x86.Build.0 = Debug|Any CPU
		{F6BBB743-3BCD-4DEF-95CD-85FEB1894BFA}.Release|Any CPU.ActiveCfg = Release|Any CPU
		{F6BBB743-3BCD-4DEF-95CD-85FEB1894BFA}.Release|Any CPU.Build.0 = Release|Any CPU
		{F6BBB743-3BCD-4DEF-95CD-85FEB1894BFA}.Release|x64.ActiveCfg = Release|Any CPU
		{F6BBB743-3BCD-4DEF-95CD-85FEB1894BFA}.Release|x64.Build.0 = Release|Any CPU
		{F6BBB743-3BCD-4DEF-95CD-85FEB1894BFA}.Release|x86.ActiveCfg = Release|Any CPU
		{F6BBB743-3BCD-4DEF-95CD-85FEB1894BFA}.Release|x86.Build.0 = Release|Any CPU
		{29CBD604-D759-4B1B-A468-ADE3D537D7FE}.Debug|Any CPU.ActiveCfg = Debug|Any CPU
		{29CBD604-D759-4B1B-A468-ADE3D537D7FE}.Debug|Any CPU.Build.0 = Debug|Any CPU
		{29CBD604-D759-4B1B-A468-ADE3D537D7FE}.Debug|x64.ActiveCfg = Debug|Any CPU
		{29CBD604-D759-4B1B-A468-ADE3D537D7FE}.Debug|x64.Build.0 = Debug|Any CPU
		{29CBD604-D759-4B1B-A468-ADE3D537D7FE}.Debug|x86.ActiveCfg = Debug|Any CPU
		{29CBD604-D759-4B1B-A468-ADE3D537D7FE}.Debug|x86.Build.0 = Debug|Any CPU
		{29CBD604-D759-4B1B-A468-ADE3D537D7FE}.Release|Any CPU.ActiveCfg = Release|Any CPU
		{29CBD604-D759-4B1B-A468-ADE3D537D7FE}.Release|Any CPU.Build.0 = Release|Any CPU
		{29CBD604-D759-4B1B-A468-ADE3D537D7FE}.Release|x64.ActiveCfg = Release|Any CPU
		{29CBD604-D759-4B1B-A468-ADE3D537D7FE}.Release|x64.Build.0 = Release|Any CPU
		{29CBD604-D759-4B1B-A468-ADE3D537D7FE}.Release|x86.ActiveCfg = Release|Any CPU
		{29CBD604-D759-4B1B-A468-ADE3D537D7FE}.Release|x86.Build.0 = Release|Any CPU
		{E285B5CA-1A19-4B9E-B9F9-58704DE44DE0}.Debug|Any CPU.ActiveCfg = Debug|Any CPU
		{E285B5CA-1A19-4B9E-B9F9-58704DE44DE0}.Debug|Any CPU.Build.0 = Debug|Any CPU
		{E285B5CA-1A19-4B9E-B9F9-58704DE44DE0}.Debug|x64.ActiveCfg = Debug|Any CPU
		{E285B5CA-1A19-4B9E-B9F9-58704DE44DE0}.Debug|x64.Build.0 = Debug|Any CPU
		{E285B5CA-1A19-4B9E-B9F9-58704DE44DE0}.Debug|x86.ActiveCfg = Debug|Any CPU
		{E285B5CA-1A19-4B9E-B9F9-58704DE44DE0}.Debug|x86.Build.0 = Debug|Any CPU
		{E285B5CA-1A19-4B9E-B9F9-58704DE44DE0}.Release|Any CPU.ActiveCfg = Release|Any CPU
		{E285B5CA-1A19-4B9E-B9F9-58704DE44DE0}.Release|Any CPU.Build.0 = Release|Any CPU
		{E285B5CA-1A19-4B9E-B9F9-58704DE44DE0}.Release|x64.ActiveCfg = Release|Any CPU
		{E285B5CA-1A19-4B9E-B9F9-58704DE44DE0}.Release|x64.Build.0 = Release|Any CPU
		{E285B5CA-1A19-4B9E-B9F9-58704DE44DE0}.Release|x86.ActiveCfg = Release|Any CPU
		{E285B5CA-1A19-4B9E-B9F9-58704DE44DE0}.Release|x86.Build.0 = Release|Any CPU
	EndGlobalSection
	GlobalSection(SolutionProperties) = preSolution
		HideSolutionNode = FALSE
	EndGlobalSection
	GlobalSection(NestedProjects) = preSolution
		{C9751CB7-4CD6-4633-A99A-4F6ADD525437} = {106AE906-5075-410A-B941-912F811848EE}
		{4548EB20-1D1B-477B-AF6E-DD55653A6583} = {5C03BE50-1424-413A-B542-8A94C7D808E4}
		{220361D6-9C76-4E3F-BD34-3C7B50E2CA4D} = {3EF66F92-B2F9-4129-A387-3BF5E34BDFCF}
		{7D84EFEE-A7D9-44AD-A0A3-38EC7882D94C} = {B31B4797-1D9F-4288-808C-BE9A31A98C7D}
		{0776DC14-9000-47A4-A3F4-ECBCF8CEBC17} = {B31B4797-1D9F-4288-808C-BE9A31A98C7D}
		{744AD1DC-E83E-4ACE-BE57-395395D6E357} = {3972C5F7-4993-4EA8-8F4D-A704ACC6384A}
		{1DC7F5A0-DDF7-4975-84EB-05F4FC1B6AB5} = {B31B4797-1D9F-4288-808C-BE9A31A98C7D}
		{362C421B-CCDF-42E8-9226-BA4A19C0F6E0} = {D38ED5B5-96CA-4B86-BBFD-EACCE89F0A28}
		{07104193-F540-4DBB-BE48-85E39FA66DA8} = {3972C5F7-4993-4EA8-8F4D-A704ACC6384A}
		{9F596CD2-39CF-402E-BB48-A96295639258} = {5C03BE50-1424-413A-B542-8A94C7D808E4}
		{F6BBB743-3BCD-4DEF-95CD-85FEB1894BFA} = {3EF66F92-B2F9-4129-A387-3BF5E34BDFCF}
		{29CBD604-D759-4B1B-A468-ADE3D537D7FE} = {00179D25-A208-41A9-ACC8-D3564EC88148}
		{E285B5CA-1A19-4B9E-B9F9-58704DE44DE0} = {C60997F4-BDCB-48B2-B2DF-AE7C819A2EC4}
		{3972C5F7-4993-4EA8-8F4D-A704ACC6384A} = {106AE906-5075-410A-B941-912F811848EE}
		{D38ED5B5-96CA-4B86-BBFD-EACCE89F0A28} = {106AE906-5075-410A-B941-912F811848EE}
		{5C03BE50-1424-413A-B542-8A94C7D808E4} = {106AE906-5075-410A-B941-912F811848EE}
		{00179D25-A208-41A9-ACC8-D3564EC88148} = {106AE906-5075-410A-B941-912F811848EE}
		{C60997F4-BDCB-48B2-B2DF-AE7C819A2EC4} = {106AE906-5075-410A-B941-912F811848EE}
		{3EF66F92-B2F9-4129-A387-3BF5E34BDFCF} = {106AE906-5075-410A-B941-912F811848EE}
	EndGlobalSection
	GlobalSection(ExtensibilityGlobals) = postSolution
		SolutionGuid = {B0F19343-8185-4A9F-9165-0EA8544BC925}
	EndGlobalSection
EndGlobal
